<?xml version="1.0" encoding="utf-8"?>
<Project ToolsVersion="4.0" xmlns="http://schemas.microsoft.com/developer/msbuild/2003">
  <ItemGroup>
    <Filter Include="Header Files">
      <UniqueIdentifier>{ee20c716-5990-43a0-b4eb-fcbaddbb0b4a}</UniqueIdentifier>
    </Filter>
    <Filter Include="Source Files">
      <UniqueIdentifier>{0658bfff-7a5d-43fa-b650-9b046a17613f}</UniqueIdentifier>
    </Filter>
    <Filter Include="CoreGM">
      <UniqueIdentifier>{11665e10-d019-448b-9554-80dc32323f7d}</UniqueIdentifier>
    </Filter>
    <Filter Include="CoreGM\mruby">
      <UniqueIdentifier>{2fddc254-8813-4dec-b389-674984c7c651}</UniqueIdentifier>
    </Filter>
    <Filter Include="CoreGM\Graphics">
      <UniqueIdentifier>{9b35dec6-ef0c-4b5a-944a-2e4c332d84fa}</UniqueIdentifier>
    </Filter>
    <Filter Include="CoreGM\Util">
      <UniqueIdentifier>{18bf0a03-6feb-4e18-be5c-126b387089e3}</UniqueIdentifier>
    </Filter>
    <Filter Include="CoreGM\Graphics\Drawable">
      <UniqueIdentifier>{a8fa6730-fe49-462e-8e5e-4e8e77fa65b3}</UniqueIdentifier>
    </Filter>
    <Filter Include="Source Files\Drawable">
      <UniqueIdentifier>{697872aa-f1f5-4db5-ade5-714aea2dafa9}</UniqueIdentifier>
    </Filter>
    <Filter Include="CoreGM\Text">
      <UniqueIdentifier>{f6191e17-4a1d-4bd6-972e-93809e2f3d90}</UniqueIdentifier>
    </Filter>
    <Filter Include="Source Files\Resource">
      <UniqueIdentifier>{2c4e7a8f-e6dc-4e49-a033-cd8d4d87c0ad}</UniqueIdentifier>
    </Filter>
    <Filter Include="CoreGM\Resource">
      <UniqueIdentifier>{cd95a8dc-0485-4024-89bd-59ceb9710043}</UniqueIdentifier>
    </Filter>
    <Filter Include="LongUIBridge">
      <UniqueIdentifier>{4b0c14aa-8e3f-4cfd-9371-256e0482ac60}</UniqueIdentifier>
    </Filter>
    <Filter Include="LongUIBridge\Header">
      <UniqueIdentifier>{8492d304-c05c-45cc-9718-e3fafeca2a19}</UniqueIdentifier>
    </Filter>
  </ItemGroup>
  <ItemGroup>
    <ClCompile Include="..\src\core\main.cpp">
      <Filter>Source Files</Filter>
    </ClCompile>
    <ClCompile Include="..\src\core\rgmGraphics.cpp">
      <Filter>Source Files</Filter>
    </ClCompile>
    <ClCompile Include="..\src\core\rgmSprite.cpp">
      <Filter>Source Files</Filter>
    </ClCompile>
    <ClCompile Include="..\src\core\rgmDrawable.cpp">
      <Filter>Source Files\Drawable</Filter>
    </ClCompile>
    <ClCompile Include="..\src\core\rgmTextlayout.cpp">
      <Filter>Source Files\Drawable</Filter>
    </ClCompile>
    <ClCompile Include="..\src\core\rgmResource.cpp">
      <Filter>Source Files\Resource</Filter>
    </ClCompile>
    <ClCompile Include="..\src\core\rgmluiBridge.cpp">
      <Filter>LongUIBridge</Filter>
    </ClCompile>
    <ClCompile Include="..\src\core\rgmluiConfig.cpp">
      <Filter>LongUIBridge</Filter>
    </ClCompile>
    <ClCompile Include="..\src\core\rgmluiGameR.cpp">
      <Filter>LongUIBridge</Filter>
    </ClCompile>
    <ClCompile Include="..\src\core\rgmluiGameL.cpp">
      <Filter>LongUIBridge</Filter>
    </ClCompile>
  </ItemGroup>
  <ItemGroup>
    <ClInclude Include="..\include\core\mruby\mruby.h">
      <Filter>CoreGM\mruby</Filter>
    </ClInclude>
    <ClInclude Include="..\include\core\mruby\mrbconf.h">
      <Filter>CoreGM\mruby</Filter>
    </ClInclude>
    <ClInclude Include="..\include\core\graphics\rgmGraphics.h">
      <Filter>CoreGM\Graphics</Filter>
    </ClInclude>
    <ClInclude Include="..\include\core\graphics\rgmSprite.h">
      <Filter>CoreGM\Graphics</Filter>
    </ClInclude>
    <ClInclude Include="..\include\core\graphics\rgmTilemap.h">
      <Filter>CoreGM\Graphics</Filter>
    </ClInclude>
    <ClInclude Include="..\include\core\Util\rgmUtil.h">
      <Filter>CoreGM\Util</Filter>
    </ClInclude>
    <ClInclude Include="..\include\core\Util\rgmRuby.h">
      <Filter>CoreGM\Util</Filter>
    </ClInclude>
    <ClInclude Include="..\include\core\graphics\rgmDrawable.h">
      <Filter>CoreGM\Graphics\Drawable</Filter>
    </ClInclude>
    <ClInclude Include="..\include\core\Util\rgmStruct.h">
      <Filter>CoreGM\Util</Filter>
    </ClInclude>
    <ClInclude Include="..\include\core\rubygm.h">
      <Filter>Header Files</Filter>
    </ClInclude>
    <ClInclude Include="..\include\core\Util\rgmImpl.h">
      <Filter>CoreGM\Util</Filter>
    </ClInclude>
    <ClInclude Include="..\include\core\graphics\drawable\rgmTextlayout.h">
      <Filter>CoreGM\Graphics\Drawable</Filter>
    </ClInclude>
    <ClInclude Include="..\include\core\graphics\drawable\rgmLine.h">
      <Filter>CoreGM\Graphics\Drawable</Filter>
    </ClInclude>
    <ClInclude Include="..\include\core\Text\rgmTextDetail.h">
      <Filter>CoreGM\Text</Filter>
    </ClInclude>
    <ClInclude Include="..\include\core\graphics\drawable\rgmBitmap.h">
      <Filter>CoreGM\Graphics\Drawable</Filter>
    </ClInclude>
    <ClInclude Include="..\include\core\resource\rgmResource.h">
      <Filter>CoreGM\Resource</Filter>
    </ClInclude>
    <ClInclude Include="..\include\core\text\rgmTextStruct.h">
      <Filter>CoreGM\Text</Filter>
    </ClInclude>
    <ClInclude Include="..\include\core\resource\rgmFontResource.h">
      <Filter>CoreGM\Resource</Filter>
    </ClInclude>
    <ClInclude Include="..\include\bridge\rgmluiBridge.h">
      <Filter>LongUIBridge\Header</Filter>
    </ClInclude>
    <ClInclude Include="..\include\bridge\rgmluiConfig.h">
      <Filter>LongUIBridge\Header</Filter>
    </ClInclude>
    <ClInclude Include="..\include\bridge\rgmluiGame.h">
      <Filter>LongUIBridge\Header</Filter>
    </ClInclude>
  </ItemGroup>
</Project>