<?xml version="1.0" encoding="utf-8"?>
<Project ToolsVersion="4.0" xmlns="http://schemas.microsoft.com/developer/msbuild/2003">
  <ItemGroup>
    <Filter Include="Header Files">
      <UniqueIdentifier>{ee20c716-5990-43a0-b4eb-fcbaddbb0b4a}</UniqueIdentifier>
    </Filter>
    <Filter Include="Source Files">
      <UniqueIdentifier>{0658bfff-7a5d-43fa-b650-9b046a17613f}</UniqueIdentifier>
    </Filter>
    <Filter Include="CoreGM">
      <UniqueIdentifier>{11665e10-d019-448b-9554-80dc32323f7d}</UniqueIdentifier>
    </Filter>
    <Filter Include="CoreGM\mruby">
      <UniqueIdentifier>{2fddc254-8813-4dec-b389-674984c7c651}</UniqueIdentifier>
    </Filter>
    <Filter Include="CoreGM\Graphics">
      <UniqueIdentifier>{9b35dec6-ef0c-4b5a-944a-2e4c332d84fa}</UniqueIdentifier>
    </Filter>
    <Filter Include="CoreGM\Util">
      <UniqueIdentifier>{18bf0a03-6feb-4e18-be5c-126b387089e3}</UniqueIdentifier>
    </Filter>
    <Filter Include="CoreGM\Text">
      <UniqueIdentifier>{f6191e17-4a1d-4bd6-972e-93809e2f3d90}</UniqueIdentifier>
    </Filter>
    <Filter Include="Source Files\Resource">
      <UniqueIdentifier>{2c4e7a8f-e6dc-4e49-a033-cd8d4d87c0ad}</UniqueIdentifier>
    </Filter>
    <Filter Include="LongUIBridge">
      <UniqueIdentifier>{4b0c14aa-8e3f-4cfd-9371-256e0482ac60}</UniqueIdentifier>
    </Filter>
    <Filter Include="LongUIBridge\Header">
      <UniqueIdentifier>{8492d304-c05c-45cc-9718-e3fafeca2a19}</UniqueIdentifier>
    </Filter>
    <Filter Include="CoreGM\Game">
      <UniqueIdentifier>{6e805363-7b5d-4a7e-b89c-ea382ea5174d}</UniqueIdentifier>
    </Filter>
    <Filter Include="CoreGM\Asset">
      <UniqueIdentifier>{cd95a8dc-0485-4024-89bd-59ceb9710043}</UniqueIdentifier>
    </Filter>
    <Filter Include="CoreGM\Drawable">
      <UniqueIdentifier>{a8fa6730-fe49-462e-8e5e-4e8e77fa65b3}</UniqueIdentifier>
    </Filter>
    <Filter Include="Source Files\Resource\Drawable">
      <UniqueIdentifier>{697872aa-f1f5-4db5-ade5-714aea2dafa9}</UniqueIdentifier>
    </Filter>
    <Filter Include="CoreGM\Brush">
      <UniqueIdentifier>{c1cf1564-f6e9-4066-945d-3d3b240d086d}</UniqueIdentifier>
    </Filter>
    <Filter Include="CoreGM\Cache">
      <UniqueIdentifier>{2d46762c-9774-4703-91a0-36587445696b}</UniqueIdentifier>
    </Filter>
    <Filter Include="CoreGM\Drawable\Vector">
      <UniqueIdentifier>{e162f1dc-2ab5-4b7a-ac49-b26f40ffa6eb}</UniqueIdentifier>
    </Filter>
    <Filter Include="CoreGM\Drawable\Effect">
      <UniqueIdentifier>{4eb518d6-8694-4973-b7c4-39c58a75e218}</UniqueIdentifier>
    </Filter>
    <Filter Include="CoreGM\Test">
      <UniqueIdentifier>{ef65eaf2-0915-45ed-9060-44d9f67393e7}</UniqueIdentifier>
    </Filter>
  </ItemGroup>
  <ItemGroup>
    <ClCompile Include="..\src\core\main.cpp">
      <Filter>Source Files</Filter>
    </ClCompile>
    <ClCompile Include="..\src\core\rgmSprite.cpp">
      <Filter>Source Files</Filter>
    </ClCompile>
    <ClCompile Include="..\src\core\rgmTextlayout.cpp">
      <Filter>Source Files\Resource\Drawable</Filter>
    </ClCompile>
    <ClCompile Include="..\src\core\rgmResource.cpp">
      <Filter>Source Files\Resource</Filter>
    </ClCompile>
    <ClCompile Include="..\src\core\rgmluiBridge.cpp">
      <Filter>LongUIBridge</Filter>
    </ClCompile>
    <ClCompile Include="..\src\core\rgmluiConfig.cpp">
      <Filter>LongUIBridge</Filter>
    </ClCompile>
    <ClCompile Include="..\src\core\rgmluiGameR.cpp">
      <Filter>LongUIBridge</Filter>
    </ClCompile>
    <ClCompile Include="..\src\core\rgmluiGameL.cpp">
      <Filter>LongUIBridge</Filter>
    </ClCompile>
    <ClCompile Include="..\src\core\rgmAssetBrush.cpp">
      <Filter>Source Files\Resource</Filter>
    </ClCompile>
    <ClCompile Include="..\src\core\rgmAssetBitmap.cpp">
      <Filter>Source Files\Resource</Filter>
    </ClCompile>
    <ClCompile Include="..\src\core\rgmDrawableBitmap.cpp">
      <Filter>Source Files\Resource\Drawable</Filter>
    </ClCompile>
    <ClCompile Include="..\src\core\rgmCache.cpp">
      <Filter>Source Files</Filter>
    </ClCompile>
    <ClCompile Include="..\src\core\rgmVector.cpp">
      <Filter>Source Files\Resource\Drawable</Filter>
    </ClCompile>
    <ClCompile Include="..\src\core\rgmGlyph.cpp">
      <Filter>Source Files\Resource\Drawable</Filter>
    </ClCompile>
    <ClCompile Include="..\src\core\rgmEffect.cpp">
      <Filter>Source Files\Resource\Drawable</Filter>
    </ClCompile>
    <ClCompile Include="..\src\core\rgmTest.cpp">
      <Filter>Source Files</Filter>
    </ClCompile>
  </ItemGroup>
  <ItemGroup>
    <ClInclude Include="..\include\core\mruby\mruby.h">
      <Filter>CoreGM\mruby</Filter>
    </ClInclude>
    <ClInclude Include="..\include\core\mruby\mrbconf.h">
      <Filter>CoreGM\mruby</Filter>
    </ClInclude>
    <ClInclude Include="..\include\core\graphics\rgmGraphics.h">
      <Filter>CoreGM\Graphics</Filter>
    </ClInclude>
    <ClInclude Include="..\include\core\graphics\rgmSprite.h">
      <Filter>CoreGM\Graphics</Filter>
    </ClInclude>
    <ClInclude Include="..\include\core\graphics\rgmTilemap.h">
      <Filter>CoreGM\Graphics</Filter>
    </ClInclude>
    <ClInclude Include="..\include\core\Util\rgmUtil.h">
      <Filter>CoreGM\Util</Filter>
    </ClInclude>
    <ClInclude Include="..\include\core\Util\rgmRuby.h">
      <Filter>CoreGM\Util</Filter>
    </ClInclude>
    <ClInclude Include="..\include\core\Util\rgmStruct.h">
      <Filter>CoreGM\Util</Filter>
    </ClInclude>
    <ClInclude Include="..\include\core\rubygm.h">
      <Filter>Header Files</Filter>
    </ClInclude>
    <ClInclude Include="..\include\core\Util\rgmImpl.h">
      <Filter>CoreGM\Util</Filter>
    </ClInclude>
    <ClInclude Include="..\include\core\Text\rgmTextDetail.h">
      <Filter>CoreGM\Text</Filter>
    </ClInclude>
    <ClInclude Include="..\include\core\text\rgmTextStruct.h">
      <Filter>CoreGM\Text</Filter>
    </ClInclude>
    <ClInclude Include="..\include\bridge\rgmluiBridge.h">
      <Filter>LongUIBridge\Header</Filter>
    </ClInclude>
    <ClInclude Include="..\include\bridge\rgmluiConfig.h">
      <Filter>LongUIBridge\Header</Filter>
    </ClInclude>
    <ClInclude Include="..\include\bridge\rgmluiGame.h">
      <Filter>LongUIBridge\Header</Filter>
    </ClInclude>
    <ClInclude Include="..\include\game\rgmGame.h">
      <Filter>CoreGM\Game</Filter>
    </ClInclude>
    <ClInclude Include="..\include\core\asset\rgmAssetFont.h">
      <Filter>CoreGM\Asset</Filter>
    </ClInclude>
    <ClInclude Include="..\include\core\asset\rgmAsset.h">
      <Filter>CoreGM\Asset</Filter>
    </ClInclude>
    <ClInclude Include="..\include\game\rgmResource.h">
      <Filter>CoreGM\Game</Filter>
    </ClInclude>
    <ClInclude Include="..\include\core\drawable\rgmBitmap.h">
      <Filter>CoreGM\Drawable</Filter>
    </ClInclude>
    <ClInclude Include="..\include\core\drawable\rgmDrawable.h">
      <Filter>CoreGM\Drawable</Filter>
    </ClInclude>
    <ClInclude Include="..\include\core\drawable\rgmTextlayout.h">
      <Filter>CoreGM\Drawable</Filter>
    </ClInclude>
    <ClInclude Include="..\include\core\brush\rgmBrushStruct.h">
      <Filter>CoreGM\Brush</Filter>
    </ClInclude>
    <ClInclude Include="..\include\core\cache\rgmCache.h">
      <Filter>CoreGM\Cache</Filter>
    </ClInclude>
    <ClInclude Include="..\include\core\asset\rgmAssetStroke.h">
      <Filter>CoreGM\Asset</Filter>
    </ClInclude>
    <ClInclude Include="..\include\core\drawable\effect\rgmBlur.h">
      <Filter>CoreGM\Drawable\Effect</Filter>
    </ClInclude>
    <ClInclude Include="..\include\core\drawable\effect\rgmEffect.h">
      <Filter>CoreGM\Drawable\Effect</Filter>
    </ClInclude>
    <ClInclude Include="..\include\core\drawable\effect\rgmShadow.h">
      <Filter>CoreGM\Drawable\Effect</Filter>
    </ClInclude>
    <ClInclude Include="..\include\core\drawable\vector\rgmLine.h">
      <Filter>CoreGM\Drawable\Vector</Filter>
    </ClInclude>
    <ClInclude Include="..\include\core\drawable\vector\rgmVector.h">
      <Filter>CoreGM\Drawable\Vector</Filter>
    </ClInclude>
    <ClInclude Include="..\include\core\drawable\vector\rgmRect.h">
      <Filter>CoreGM\Drawable\Vector</Filter>
    </ClInclude>
    <ClInclude Include="..\include\test\rgmTest.h">
      <Filter>CoreGM\Test</Filter>
    </ClInclude>
    <ClInclude Include="..\include\core\drawable\vector\rgmEllipse.h">
      <Filter>CoreGM\Drawable\Vector</Filter>
    </ClInclude>
    <ClInclude Include="..\include\core\drawable\vector\rgmPolygon.h">
      <Filter>CoreGM\Drawable\Vector</Filter>
    </ClInclude>
    <ClInclude Include="..\include\core\drawable\vector\rgmGeometry.h">
      <Filter>CoreGM\Drawable\Vector</Filter>
    </ClInclude>
    <ClInclude Include="..\include\core\drawable\vector\rgmText.h">
      <Filter>CoreGM\Drawable\Vector</Filter>
    </ClInclude>
    <ClInclude Include="..\include\core\drawable\rgmAuto.h">
      <Filter>CoreGM\Drawable</Filter>
    </ClInclude>
    <ClInclude Include="..\include\core\drawable\rgmMask.h">
      <Filter>CoreGM\Drawable</Filter>
    </ClInclude>
  </ItemGroup>
</Project>